{
  "requires": true,
  "lockfileVersion": 1,
  "dependencies": {
    "box-ui-elements": {
      "version": "10.1.0",
      "resolved": "https://registry.npmjs.org/box-ui-elements/-/box-ui-elements-10.1.0.tgz",
      "integrity": "sha512-4tw+ydrSpB4EmOxwSsC0V/iPH88gEGce72e53Fa2XBo6De3zwE9xfRKiuJEuy8AJ7TOS2K5fRsOJUJXYlp0CfQ=="
    }
  }
}
